
Microsoft Visual Studio Solution File, Format Version 9.00
# Visual Studio 2005
Project("{8BC9CEB8-8B4A-11D0-8D11-00A0C91BC942}") = "AnimViewer", "AnimViewer.vcproj", "{47154562-831D-40EF-ACAB-DCA533CE6068}"
EndProject
Project("{8BC9CEB8-8B4A-11D0-8D11-00A0C91BC942}") = "Test", "Test\Test.vcproj", "{AADD959B-7257-4EFE-9266-A6862ABAACCD}"
EndProject
Global
	GlobalSection(SolutionConfigurationPlatforms) = preSolution
		Debug|Win32 = Debug|Win32
		Release|Win32 = Release|Win32
	EndGlobalSection
	GlobalSection(ProjectConfigurationPlatforms) = postSolution
		{47154562-831D-40EF-ACAB-DCA533CE6068}.Debug|Win32.ActiveCfg = Debug|Win32
		{47154562-831D-40EF-ACAB-DCA533CE6068}.Debug|Win32.Build.0 = Debug|Win32
		{47154562-831D-40EF-ACAB-DCA533CE6068}.Release|Win32.ActiveCfg = Release|Win32
		{47154562-831D-40EF-ACAB-DCA533CE6068}.Release|Win32.Build.0 = Release|Win32
		{AADD959B-7257-4EFE-9266-A6862ABAACCD}.Debug|Win32.ActiveCfg = Debug|Win32
		{AADD959B-7257-4EFE-9266-A6862ABAACCD}.Debug|Win32.Build.0 = Debug|Win32
		{AADD959B-7257-4EFE-9266-A6862ABAACCD}.Release|Win32.ActiveCfg = Release|Win32
		{AADD959B-7257-4EFE-9266-A6862ABAACCD}.Release|Win32.Build.0 = Release|Win32
	EndGlobalSection
	GlobalSection(SolutionProperties) = preSolution
		HideSolutionNode = FALSE
	EndGlobalSection
EndGlobal
